
Microsoft Visual Studio Solution File, Format Version 12.00
# Visual Studio 15
VisualStudioVersion = 15.0.26228.4
MinimumVisualStudioVersion = 10.0.40219.1
Project("{FAE04EC0-301F-11D3-BF4B-00C04F79EFBC}") = "FileProcessor", "FileProcessor\FileProcessor.csproj", "{4E0C085E-9081-48D6-A552-F531523A94BE}"
EndProject
Project("{FAE04EC0-301F-11D3-BF4B-00C04F79EFBC}") = "FileProcessor.Tests", "FileProcessor.Tests\FileProcessor.Tests.csproj", "{53CD5B25-6306-4979-B52B-EFCF22275FF2}"
EndProject
Global
	GlobalSection(SolutionConfigurationPlatforms) = preSolution
		Debug|Any CPU = Debug|Any CPU
		Debug|x64 = Debug|x64
		Debug|x86 = Debug|x86
		Release|Any CPU = Release|Any CPU
		Release|x64 = Release|x64
		Release|x86 = Release|x86
	EndGlobalSection
	GlobalSection(ProjectConfigurationPlatforms) = postSolution
		{4E0C085E-9081-48D6-A552-F531523A94BE}.Debug|Any CPU.ActiveCfg = Debug|Any CPU
		{4E0C085E-9081-48D6-A552-F531523A94BE}.Debug|Any CPU.Build.0 = Debug|Any CPU
		{4E0C085E-9081-48D6-A552-F531523A94BE}.Debug|x64.ActiveCfg = Debug|Any CPU
		{4E0C085E-9081-48D6-A552-F531523A94BE}.Debug|x64.Build.0 = Debug|Any CPU
		{4E0C085E-9081-48D6-A552-F531523A94BE}.Debug|x86.ActiveCfg = Debug|Any CPU
		{4E0C085E-9081-48D6-A552-F531523A94BE}.Debug|x86.Build.0 = Debug|Any CPU
		{4E0C085E-9081-48D6-A552-F531523A94BE}.Release|Any CPU.ActiveCfg = Release|Any CPU
		{4E0C085E-9081-48D6-A552-F531523A94BE}.Release|Any CPU.Build.0 = Release|Any CPU
		{4E0C085E-9081-48D6-A552-F531523A94BE}.Release|x64.ActiveCfg = Release|Any CPU
		{4E0C085E-9081-48D6-A552-F531523A94BE}.Release|x64.Build.0 = Release|Any CPU
		{4E0C085E-9081-48D6-A552-F531523A94BE}.Release|x86.ActiveCfg = Release|Any CPU
		{4E0C085E-9081-48D6-A552-F531523A94BE}.Release|x86.Build.0 = Release|Any CPU
		{53CD5B25-6306-4979-B52B-EFCF22275FF2}.Debug|Any CPU.ActiveCfg = Debug|Any CPU
		{53CD5B25-6306-4979-B52B-EFCF22275FF2}.Debug|Any CPU.Build.0 = Debug|Any CPU
		{53CD5B25-6306-4979-B52B-EFCF22275FF2}.Debug|x64.ActiveCfg = Debug|Any CPU
		{53CD5B25-6306-4979-B52B-EFCF22275FF2}.Debug|x64.Build.0 = Debug|Any CPU
		{53CD5B25-6306-4979-B52B-EFCF22275FF2}.Debug|x86.ActiveCfg = Debug|Any CPU
		{53CD5B25-6306-4979-B52B-EFCF22275FF2}.Debug|x86.Build.0 = Debug|Any CPU
		{53CD5B25-6306-4979-B52B-EFCF22275FF2}.Release|Any CPU.ActiveCfg = Release|Any CPU
		{53CD5B25-6306-4979-B52B-EFCF22275FF2}.Release|Any CPU.Build.0 = Release|Any CPU
		{53CD5B25-6306-4979-B52B-EFCF22275FF2}.Release|x64.ActiveCfg = Release|Any CPU
		{53CD5B25-6306-4979-B52B-EFCF22275FF2}.Release|x64.Build.0 = Release|Any CPU
		{53CD5B25-6306-4979-B52B-EFCF22275FF2}.Release|x86.ActiveCfg = Release|Any CPU
		{53CD5B25-6306-4979-B52B-EFCF22275FF2}.Release|x86.Build.0 = Release|Any CPU
	EndGlobalSection
	GlobalSection(SolutionProperties) = preSolution
		HideSolutionNode = FALSE
	EndGlobalSection
EndGlobal
